{
  "lockfileVersion": 1,
  "workspaces": {
    "": {
      "name": "bunsane",
      "dependencies": {
        "@gqloom/core": "^0.12.0",
        "@gqloom/zod": "^0.12.2",
        "dataloader": "2.2.2",
        "graphql": "16.11.0",
        "graphql-yoga": "5.15.1",
        "pino": "9.9.0",
        "pino-pretty": "13.1.1",
        "reflect-metadata": "0.2.2",
        "zod": "4.1.5",
      },
      "devDependencies": {
        "@types/bun": "latest",
        "@types/node": "^25.0.3",
        "knip": "^5.78.0",
      },
      "peerDependencies": {
        "typescript": "^5.9.3",
      },
    },
  },
  "packages": {
    "@emnapi/core": ["@emnapi/core@1.7.1", "", { "dependencies": { "@emnapi/wasi-threads": "1.1.0", "tslib": "^2.4.0" } }, "sha512-o1uhUASyo921r2XtHYOHy7gdkGLge8ghBEQHMWmyJFoXlpU58kIrhhN3w26lpQb6dspetweapMn2CSNwQ8I4wg=="],

    "@emnapi/runtime": ["@emnapi/runtime@1.7.1", "", { "dependencies": { "tslib": "^2.4.0" } }, "sha512-PVtJr5CmLwYAU9PZDMITZoR5iAOShYREoR45EyyLrbntV50mdePTgUn4AmOw90Ifcj+x2kRjdzr1HP3RrNiHGA=="],

    "@emnapi/wasi-threads": ["@emnapi/wasi-threads@1.1.0", "", { "dependencies": { "tslib": "^2.4.0" } }, "sha512-WI0DdZ8xFSbgMjR1sFsKABJ/C5OnRrjT06JXbZKexJGrDuPTzZdDYfFlsgcCXCyf+suG5QU2e/y1Wo2V/OapLQ=="],

    "@envelop/core": ["@envelop/core@5.3.0", "", { "dependencies": { "@envelop/instrumentation": "^1.0.0", "@envelop/types": "^5.2.1", "@whatwg-node/promise-helpers": "^1.2.4", "tslib": "^2.5.0" } }, "sha512-xvUkOWXI8JsG2OOnqiI2tOkEc52wbmIqWORr7yGc8B8E53Oh1MMGGGck4mbR80s25LnHVzfNIiIlNkuDgZRuuA=="],

    "@envelop/instrumentation": ["@envelop/instrumentation@1.0.0", "", { "dependencies": { "@whatwg-node/promise-helpers": "^1.2.1", "tslib": "^2.5.0" } }, "sha512-cxgkB66RQB95H3X27jlnxCRNTmPuSTgmBAq6/4n2Dtv4hsk4yz8FadA1ggmd0uZzvKqWD6CR+WFgTjhDqg7eyw=="],

    "@envelop/types": ["@envelop/types@5.2.1", "", { "dependencies": { "@whatwg-node/promise-helpers": "^1.0.0", "tslib": "^2.5.0" } }, "sha512-CsFmA3u3c2QoLDTfEpGr4t25fjMU31nyvse7IzWTvb0ZycuPjMjb0fjlheh+PbhBYb9YLugnT2uY6Mwcg1o+Zg=="],

    "@fastify/busboy": ["@fastify/busboy@3.2.0", "", {}, "sha512-m9FVDXU3GT2ITSe0UaMA5rU3QkfC/UXtCU8y0gSN/GugTqtVldOBWIB5V6V3sbmenVZUIpU6f+mPEO2+m5iTaA=="],

    "@gqloom/core": ["@gqloom/core@0.12.0", "", { "peerDependencies": { "graphql": ">= 16.8.0" } }, "sha512-JRKoSFpIcfVxIb8JULEsksHmUB3I3cKJKddaMITCexj2f+tJOEt+zLYwTSXaQUQC8+YgkZHG23JTDZt575RaGA=="],

    "@gqloom/zod": ["@gqloom/zod@0.12.2", "", { "peerDependencies": { "@gqloom/core": ">= 0.12.0", "graphql": ">= 16.8.0", "zod": ">= 3.25.35" } }, "sha512-JqotM5wfaCTLdiN2uGlIC6cN1daOL34nGPI+hmPndwNRJpXdwXKneEmZU9164nPSuvu5xi8A1/xD6i60VUDnCQ=="],

    "@graphql-tools/executor": ["@graphql-tools/executor@1.4.9", "", { "dependencies": { "@graphql-tools/utils": "^10.9.1", "@graphql-typed-document-node/core": "^3.2.0", "@repeaterjs/repeater": "^3.0.4", "@whatwg-node/disposablestack": "^0.0.6", "@whatwg-node/promise-helpers": "^1.0.0", "tslib": "^2.4.0" }, "peerDependencies": { "graphql": "^14.0.0 || ^15.0.0 || ^16.0.0 || ^17.0.0" } }, "sha512-SAUlDT70JAvXeqV87gGzvDzUGofn39nvaVcVhNf12Dt+GfWHtNNO/RCn/Ea4VJaSLGzraUd41ObnN3i80EBU7w=="],

    "@graphql-tools/merge": ["@graphql-tools/merge@9.1.1", "", { "dependencies": { "@graphql-tools/utils": "^10.9.1", "tslib": "^2.4.0" }, "peerDependencies": { "graphql": "^14.0.0 || ^15.0.0 || ^16.0.0 || ^17.0.0" } }, "sha512-BJ5/7Y7GOhTuvzzO5tSBFL4NGr7PVqTJY3KeIDlVTT8YLcTXtBR+hlrC3uyEym7Ragn+zyWdHeJ9ev+nRX1X2w=="],

    "@graphql-tools/schema": ["@graphql-tools/schema@10.0.25", "", { "dependencies": { "@graphql-tools/merge": "^9.1.1", "@graphql-tools/utils": "^10.9.1", "tslib": "^2.4.0" }, "peerDependencies": { "graphql": "^14.0.0 || ^15.0.0 || ^16.0.0 || ^17.0.0" } }, "sha512-/PqE8US8kdQ7lB9M5+jlW8AyVjRGCKU7TSktuW3WNKSKmDO0MK1wakvb5gGdyT49MjAIb4a3LWxIpwo5VygZuw=="],

    "@graphql-tools/utils": ["@graphql-tools/utils@10.9.1", "", { "dependencies": { "@graphql-typed-document-node/core": "^3.1.1", "@whatwg-node/promise-helpers": "^1.0.0", "cross-inspect": "1.0.1", "dset": "^3.1.4", "tslib": "^2.4.0" }, "peerDependencies": { "graphql": "^14.0.0 || ^15.0.0 || ^16.0.0 || ^17.0.0" } }, "sha512-B1wwkXk9UvU7LCBkPs8513WxOQ2H8Fo5p8HR1+Id9WmYE5+bd51vqN+MbrqvWczHCH2gwkREgHJN88tE0n1FCw=="],

    "@graphql-typed-document-node/core": ["@graphql-typed-document-node/core@3.2.0", "", { "peerDependencies": { "graphql": "^0.8.0 || ^0.9.0 || ^0.10.0 || ^0.11.0 || ^0.12.0 || ^0.13.0 || ^14.0.0 || ^15.0.0 || ^16.0.0 || ^17.0.0" } }, "sha512-mB9oAsNCm9aM3/SOv4YtBMqZbYj10R7dkq8byBqxGY/ncFwhf2oQzMV+LCRlWoDSEBJ3COiR1yeDvMtsoOsuFQ=="],

    "@graphql-yoga/logger": ["@graphql-yoga/logger@2.0.1", "", { "dependencies": { "tslib": "^2.8.1" } }, "sha512-Nv0BoDGLMg9QBKy9cIswQ3/6aKaKjlTh87x3GiBg2Z4RrjyrM48DvOOK0pJh1C1At+b0mUIM67cwZcFTDLN4sA=="],

    "@graphql-yoga/subscription": ["@graphql-yoga/subscription@5.0.5", "", { "dependencies": { "@graphql-yoga/typed-event-target": "^3.0.2", "@repeaterjs/repeater": "^3.0.4", "@whatwg-node/events": "^0.1.0", "tslib": "^2.8.1" } }, "sha512-oCMWOqFs6QV96/NZRt/ZhTQvzjkGB4YohBOpKM4jH/lDT4qb7Lex/aGCxpi/JD9njw3zBBtMqxbaC22+tFHVvw=="],

    "@graphql-yoga/typed-event-target": ["@graphql-yoga/typed-event-target@3.0.2", "", { "dependencies": { "@repeaterjs/repeater": "^3.0.4", "tslib": "^2.8.1" } }, "sha512-ZpJxMqB+Qfe3rp6uszCQoag4nSw42icURnBRfFYSOmTgEeOe4rD0vYlbA8spvCu2TlCesNTlEN9BLWtQqLxabA=="],

    "@napi-rs/wasm-runtime": ["@napi-rs/wasm-runtime@1.1.1", "", { "dependencies": { "@emnapi/core": "^1.7.1", "@emnapi/runtime": "^1.7.1", "@tybys/wasm-util": "^0.10.1" } }, "sha512-p64ah1M1ld8xjWv3qbvFwHiFVWrq1yFvV4f7w+mzaqiR4IlSgkqhcRdHwsGgomwzBH51sRY4NEowLxnaBjcW/A=="],

    "@nodelib/fs.scandir": ["@nodelib/fs.scandir@2.1.5", "", { "dependencies": { "@nodelib/fs.stat": "2.0.5", "run-parallel": "^1.1.9" } }, "sha512-vq24Bq3ym5HEQm2NKCr3yXDwjc7vTsEThRDnkp2DK9p1uqLR+DHurm/NOTo0KG7HYHU7eppKZj3MyqYuMBf62g=="],

    "@nodelib/fs.stat": ["@nodelib/fs.stat@2.0.5", "", {}, "sha512-RkhPPp2zrqDAQA/2jNhnztcPAlv64XdhIp7a7454A5ovI7Bukxgt7MX7udwAu3zg1DcpPU0rz3VV1SeaqvY4+A=="],

    "@nodelib/fs.walk": ["@nodelib/fs.walk@1.2.8", "", { "dependencies": { "@nodelib/fs.scandir": "2.1.5", "fastq": "^1.6.0" } }, "sha512-oGB+UxlgWcgQkgwo8GcEGwemoTFt3FIO9ababBmaGwXIoBKZ+GTy0pP185beGg7Llih/NSHSV2XAs1lnznocSg=="],

    "@oxc-resolver/binding-android-arm-eabi": ["@oxc-resolver/binding-android-arm-eabi@11.16.2", "", { "os": "android", "cpu": "arm" }, "sha512-lVJbvydLQIDZHKUb6Zs9Rq80QVTQ9xdCQE30eC9/cjg4wsMoEOg65QZPymUAIVJotpUAWJD0XYcwE7ugfxx5kQ=="],

    "@oxc-resolver/binding-android-arm64": ["@oxc-resolver/binding-android-arm64@11.16.2", "", { "os": "android", "cpu": "arm64" }, "sha512-fEk+g/g2rJ6LnBVPqeLcx+/alWZ/Db1UlXG+ZVivip0NdrnOzRL48PAmnxTMGOrLwsH1UDJkwY3wOjrrQltCqg=="],

    "@oxc-resolver/binding-darwin-arm64": ["@oxc-resolver/binding-darwin-arm64@11.16.2", "", { "os": "darwin", "cpu": "arm64" }, "sha512-Pkbp1qi7kdUX6k3Fk1PvAg6p7ruwaWKg1AhOlDgrg2vLXjtv9ZHo7IAQN6kLj0W771dPJZWqNxoqTPacp2oYWA=="],

    "@oxc-resolver/binding-darwin-x64": ["@oxc-resolver/binding-darwin-x64@11.16.2", "", { "os": "darwin", "cpu": "x64" }, "sha512-FYCGcU1iSoPkADGLfQbuj0HWzS+0ItjDCt9PKtu2Hzy6T0dxO4Y1enKeCOxCweOlmLEkSxUlW5UPT4wvT3LnAg=="],

    "@oxc-resolver/binding-freebsd-x64": ["@oxc-resolver/binding-freebsd-x64@11.16.2", "", { "os": "freebsd", "cpu": "x64" }, "sha512-1zHCoK6fMcBjE54P2EG/z70rTjcRxvyKfvk4E/QVrWLxNahuGDFZIxoEoo4kGnnEcmPj41F0c2PkrQbqlpja5g=="],

    "@oxc-resolver/binding-linux-arm-gnueabihf": ["@oxc-resolver/binding-linux-arm-gnueabihf@11.16.2", "", { "os": "linux", "cpu": "arm" }, "sha512-+ucLYz8EO5FDp6kZ4o1uDmhoP+M98ysqiUW4hI3NmfiOJQWLrAzQjqaTdPfIOzlCXBU9IHp5Cgxu6wPjVb8dbA=="],

    "@oxc-resolver/binding-linux-arm-musleabihf": ["@oxc-resolver/binding-linux-arm-musleabihf@11.16.2", "", { "os": "linux", "cpu": "arm" }, "sha512-qq+TpNXyw1odDgoONRpMLzH4hzhwnEw55398dL8rhKGvvYbio71WrJ00jE+hGlEi7H1Gkl11KoPJRaPlRAVGPw=="],

    "@oxc-resolver/binding-linux-arm64-gnu": ["@oxc-resolver/binding-linux-arm64-gnu@11.16.2", "", { "os": "linux", "cpu": "arm64" }, "sha512-xlMh4gNtplNQEwuF5icm69udC7un0WyzT5ywOeHrPMEsghKnLjXok2wZgAA7ocTm9+JsI+nVXIQa5XO1x+HPQg=="],

    "@oxc-resolver/binding-linux-arm64-musl": ["@oxc-resolver/binding-linux-arm64-musl@11.16.2", "", { "os": "linux", "cpu": "arm64" }, "sha512-OZs33QTMi0xmHv/4P0+RAKXJTBk7UcMH5tpTaCytWRXls/DGaJ48jOHmriQGK2YwUqXl+oneuNyPOUO0obJ+Hg=="],

    "@oxc-resolver/binding-linux-ppc64-gnu": ["@oxc-resolver/binding-linux-ppc64-gnu@11.16.2", "", { "os": "linux", "cpu": "ppc64" }, "sha512-UVyuhaV32dJGtF6fDofOcBstg9JwB2Jfnjfb8jGlu3xcG+TsubHRhuTwQ6JZ1sColNT1nMxBiu7zdKUEZi1kwg=="],

    "@oxc-resolver/binding-linux-riscv64-gnu": ["@oxc-resolver/binding-linux-riscv64-gnu@11.16.2", "", { "os": "linux", "cpu": "none" }, "sha512-YZZS0yv2q5nE1uL/Fk4Y7m9018DSEmDNSG8oJzy1TJjA1jx5HL52hEPxi98XhU6OYhSO/vC1jdkJeE8TIHugug=="],

    "@oxc-resolver/binding-linux-riscv64-musl": ["@oxc-resolver/binding-linux-riscv64-musl@11.16.2", "", { "os": "linux", "cpu": "none" }, "sha512-9VYuypwtx4kt1lUcwJAH4dPmgJySh4/KxtAPdRoX2BTaZxVm/yEXHq0mnl/8SEarjzMvXKbf7Cm6UBgptm3DZw=="],

    "@oxc-resolver/binding-linux-s390x-gnu": ["@oxc-resolver/binding-linux-s390x-gnu@11.16.2", "", { "os": "linux", "cpu": "s390x" }, "sha512-3gbwQ+xlL5gpyzgSDdC8B4qIM4mZaPDLaFOi3c/GV7CqIdVJc5EZXW4V3T6xwtPBOpXPXfqQLbhTnUD4SqwJtA=="],

    "@oxc-resolver/binding-linux-x64-gnu": ["@oxc-resolver/binding-linux-x64-gnu@11.16.2", "", { "os": "linux", "cpu": "x64" }, "sha512-m0WcK0j54tSwWa+hQaJMScZdWneqE7xixp/vpFqlkbhuKW9dRHykPAFvSYg1YJ3MJgu9ZzVNpYHhPKJiEQq57Q=="],

    "@oxc-resolver/binding-linux-x64-musl": ["@oxc-resolver/binding-linux-x64-musl@11.16.2", "", { "os": "linux", "cpu": "x64" }, "sha512-ZjUm3w96P2t47nWywGwj1A2mAVBI/8IoS7XHhcogWCfXnEI3M6NPIRQPYAZW4s5/u3u6w1uPtgOwffj2XIOb/g=="],

    "@oxc-resolver/binding-openharmony-arm64": ["@oxc-resolver/binding-openharmony-arm64@11.16.2", "", { "os": "none", "cpu": "arm64" }, "sha512-OFVQ2x3VenTp13nIl6HcQ/7dmhFmM9dg2EjKfHcOtYfrVLQdNR6THFU7GkMdmc8DdY1zLUeilHwBIsyxv5hkwQ=="],

    "@oxc-resolver/binding-wasm32-wasi": ["@oxc-resolver/binding-wasm32-wasi@11.16.2", "", { "dependencies": { "@napi-rs/wasm-runtime": "^1.1.0" }, "cpu": "none" }, "sha512-+O1sY3RrGyA2AqDnd3yaDCsqZqCblSTEpY7TbbaOaw0X7iIbGjjRLdrQk9StG3QSiZuBy9FdFwotIiSXtwvbAQ=="],

    "@oxc-resolver/binding-win32-arm64-msvc": ["@oxc-resolver/binding-win32-arm64-msvc@11.16.2", "", { "os": "win32", "cpu": "arm64" }, "sha512-jMrMJL+fkx6xoSMFPOeyQ1ctTFjavWPOSZEKUY5PebDwQmC9cqEr4LhdTnGsOtFrWYLXlEU4xWeMdBoc/XKkOA=="],

    "@oxc-resolver/binding-win32-ia32-msvc": ["@oxc-resolver/binding-win32-ia32-msvc@11.16.2", "", { "os": "win32", "cpu": "ia32" }, "sha512-tl0xDA5dcQplG2yg2ZhgVT578dhRFafaCfyqMEAXq8KNpor85nJ53C3PLpfxD2NKzPioFgWEexNsjqRi+kW2Mg=="],

    "@oxc-resolver/binding-win32-x64-msvc": ["@oxc-resolver/binding-win32-x64-msvc@11.16.2", "", { "os": "win32", "cpu": "x64" }, "sha512-M7z0xjYQq1HdJk2DxTSLMvRMyBSI4wn4FXGcVQBsbAihgXevAReqwMdb593nmCK/OiFwSNcOaGIzUvzyzQ+95w=="],

    "@repeaterjs/repeater": ["@repeaterjs/repeater@3.0.6", "", {}, "sha512-Javneu5lsuhwNCryN+pXH93VPQ8g0dBX7wItHFgYiwQmzE1sVdg5tWHiOgHywzL2W21XQopa7IwIEnNbmeUJYA=="],

    "@tybys/wasm-util": ["@tybys/wasm-util@0.10.1", "", { "dependencies": { "tslib": "^2.4.0" } }, "sha512-9tTaPJLSiejZKx+Bmog4uSubteqTvFrVrURwkmHixBo0G4seD0zUxp98E1DzUBJxLQ3NPwXrGKDiVjwx/DpPsg=="],

    "@types/bun": ["@types/bun@1.2.21", "", { "dependencies": { "bun-types": "1.2.21" } }, "sha512-NiDnvEqmbfQ6dmZ3EeUO577s4P5bf4HCTXtI6trMc6f6RzirY5IrF3aIookuSpyslFzrnvv2lmEWv5HyC1X79A=="],

    "@types/node": ["@types/node@25.0.3", "", { "dependencies": { "undici-types": "~7.16.0" } }, "sha512-W609buLVRVmeW693xKfzHeIV6nJGGz98uCPfeXI1ELMLXVeKYZ9m15fAMSaUPBHYLGFsVRcMmSCksQOrZV9BYA=="],

    "@types/react": ["@types/react@19.1.12", "", { "dependencies": { "csstype": "^3.0.2" } }, "sha512-cMoR+FoAf/Jyq6+Df2/Z41jISvGZZ2eTlnsaJRptmZ76Caldwy1odD4xTr/gNV9VLj0AWgg/nmkevIyUfIIq5w=="],

    "@whatwg-node/disposablestack": ["@whatwg-node/disposablestack@0.0.6", "", { "dependencies": { "@whatwg-node/promise-helpers": "^1.0.0", "tslib": "^2.6.3" } }, "sha512-LOtTn+JgJvX8WfBVJtF08TGrdjuFzGJc4mkP8EdDI8ADbvO7kiexYep1o8dwnt0okb0jYclCDXF13xU7Ge4zSw=="],

    "@whatwg-node/events": ["@whatwg-node/events@0.1.2", "", { "dependencies": { "tslib": "^2.6.3" } }, "sha512-ApcWxkrs1WmEMS2CaLLFUEem/49erT3sxIVjpzU5f6zmVcnijtDSrhoK2zVobOIikZJdH63jdAXOrvjf6eOUNQ=="],

    "@whatwg-node/fetch": ["@whatwg-node/fetch@0.10.10", "", { "dependencies": { "@whatwg-node/node-fetch": "^0.7.25", "urlpattern-polyfill": "^10.0.0" } }, "sha512-watz4i/Vv4HpoJ+GranJ7HH75Pf+OkPQ63NoVmru6Srgc8VezTArB00i/oQlnn0KWh14gM42F22Qcc9SU9mo/w=="],

    "@whatwg-node/node-fetch": ["@whatwg-node/node-fetch@0.7.25", "", { "dependencies": { "@fastify/busboy": "^3.1.1", "@whatwg-node/disposablestack": "^0.0.6", "@whatwg-node/promise-helpers": "^1.3.2", "tslib": "^2.6.3" } }, "sha512-szCTESNJV+Xd56zU6ShOi/JWROxE9IwCic8o5D9z5QECZloas6Ez5tUuKqXTAdu6fHFx1t6C+5gwj8smzOLjtg=="],

    "@whatwg-node/promise-helpers": ["@whatwg-node/promise-helpers@1.3.2", "", { "dependencies": { "tslib": "^2.6.3" } }, "sha512-Nst5JdK47VIl9UcGwtv2Rcgyn5lWtZ0/mhRQ4G8NN2isxpq2TO30iqHzmwoJycjWuyUfg3GFXqP/gFHXeV57IA=="],

    "@whatwg-node/server": ["@whatwg-node/server@0.10.12", "", { "dependencies": { "@envelop/instrumentation": "^1.0.0", "@whatwg-node/disposablestack": "^0.0.6", "@whatwg-node/fetch": "^0.10.10", "@whatwg-node/promise-helpers": "^1.3.2", "tslib": "^2.6.3" } }, "sha512-MQIvvQyPvKGna586MzXhgwnEbGtbm7QtOgJ/KPd/tC70M/jbhd1xHdIQQbh3okBw+MrDF/EvaC2vB5oRC7QdlQ=="],

    "argparse": ["argparse@2.0.1", "", {}, "sha512-8+9WqebbFzpX9OR+Wa6O29asIogeRMzcGtAINdpMHHyAg10f05aSFVBbcEqGf/PXw1EjAZ+q2/bEBg3DvurK3Q=="],

    "atomic-sleep": ["atomic-sleep@1.0.0", "", {}, "sha512-kNOjDqAh7px0XWNI+4QbzoiR/nTkHAWNud2uvnJquD1/x5a7EQZMJT0AczqK0Qn67oY/TTQ1LbUKajZpp3I9tQ=="],

    "braces": ["braces@3.0.3", "", { "dependencies": { "fill-range": "^7.1.1" } }, "sha512-yQbXgO/OSZVD2IsiLlro+7Hf6Q18EJrKSEsdoMzKePKXct3gvD8oLcOQdIzGupr5Fj+EDe8gO/lxc1BzfMpxvA=="],

    "bun-types": ["bun-types@1.2.21", "", { "dependencies": { "@types/node": "*" }, "peerDependencies": { "@types/react": "^19" } }, "sha512-sa2Tj77Ijc/NTLS0/Odjq/qngmEPZfbfnOERi0KRUYhT9R8M4VBioWVmMWE5GrYbKMc+5lVybXygLdibHaqVqw=="],

    "colorette": ["colorette@2.0.20", "", {}, "sha512-IfEDxwoWIjkeXL1eXcDiow4UbKjhLdq6/EuSVR9GMN7KVH3r9gQ83e73hsz1Nd1T3ijd5xv1wcWRYO+D6kCI2w=="],

    "cross-inspect": ["cross-inspect@1.0.1", "", { "dependencies": { "tslib": "^2.4.0" } }, "sha512-Pcw1JTvZLSJH83iiGWt6fRcT+BjZlCDRVwYLbUcHzv/CRpB7r0MlSrGbIyQvVSNyGnbt7G4AXuyCiDR3POvZ1A=="],

    "csstype": ["csstype@3.1.3", "", {}, "sha512-M1uQkMl8rQK/szD0LNhtqxIPLpimGm8sOBwU7lLnCpSbTyY3yeU1Vc7l4KT5zT4s/yOxHH5O7tIuuLOCnLADRw=="],

    "dataloader": ["dataloader@2.2.2", "", {}, "sha512-8YnDaaf7N3k/q5HnTJVuzSyLETjoZjVmHc4AeKAzOvKHEFQKcn64OKBfzHYtE9zGjctNM7V9I0MfnUVLpi7M5g=="],

    "dateformat": ["dateformat@4.6.3", "", {}, "sha512-2P0p0pFGzHS5EMnhdxQi7aJN+iMheud0UhG4dlE1DLAlvL8JHjJJTX/CSm4JXwV0Ka5nGk3zC5mcb5bUQUxxMA=="],

    "dset": ["dset@3.1.4", "", {}, "sha512-2QF/g9/zTaPDc3BjNcVTGoBbXBgYfMTTceLaYcFJ/W9kggFUkhxD/hMEeuLKbugyef9SqAx8cpgwlIP/jinUTA=="],

    "end-of-stream": ["end-of-stream@1.4.5", "", { "dependencies": { "once": "^1.4.0" } }, "sha512-ooEGc6HP26xXq/N+GCGOT0JKCLDGrq2bQUZrQ7gyrJiZANJ/8YDTxTpQBXGMn+WbIQXNVpyWymm7KYVICQnyOg=="],

    "fast-copy": ["fast-copy@3.0.2", "", {}, "sha512-dl0O9Vhju8IrcLndv2eU4ldt1ftXMqqfgN4H1cpmGV7P6jeB9FwpN9a2c8DPGE1Ys88rNUJVYDHq73CGAGOPfQ=="],

    "fast-glob": ["fast-glob@3.3.3", "", { "dependencies": { "@nodelib/fs.stat": "^2.0.2", "@nodelib/fs.walk": "^1.2.3", "glob-parent": "^5.1.2", "merge2": "^1.3.0", "micromatch": "^4.0.8" } }, "sha512-7MptL8U0cqcFdzIzwOTHoilX9x5BrNqye7Z/LuC7kCMRio1EMSyqRK3BEAUD7sXRq4iT4AzTVuZdhgQ2TCvYLg=="],

    "fast-redact": ["fast-redact@3.5.0", "", {}, "sha512-dwsoQlS7h9hMeYUq1W++23NDcBLV4KqONnITDV9DjfS3q1SgDGVrBdvvTLUotWtPSD7asWDV9/CmsZPy8Hf70A=="],

    "fast-safe-stringify": ["fast-safe-stringify@2.1.1", "", {}, "sha512-W+KJc2dmILlPplD/H4K9l9LcAHAfPtP6BY84uVLXQ6Evcz9Lcg33Y2z1IVblT6xdY54PXYVHEv+0Wpq8Io6zkA=="],

    "fastq": ["fastq@1.20.1", "", { "dependencies": { "reusify": "^1.0.4" } }, "sha512-GGToxJ/w1x32s/D2EKND7kTil4n8OVk/9mycTc4VDza13lOvpUZTGX3mFSCtV9ksdGBVzvsyAVLM6mHFThxXxw=="],

    "fd-package-json": ["fd-package-json@2.0.0", "", { "dependencies": { "walk-up-path": "^4.0.0" } }, "sha512-jKmm9YtsNXN789RS/0mSzOC1NUq9mkVd65vbSSVsKdjGvYXBuE4oWe2QOEoFeRmJg+lPuZxpmrfFclNhoRMneQ=="],

    "fill-range": ["fill-range@7.1.1", "", { "dependencies": { "to-regex-range": "^5.0.1" } }, "sha512-YsGpe3WHLK8ZYi4tWDg2Jy3ebRz2rXowDxnld4bkQB00cc/1Zw9AWnC0i9ztDJitivtQvaI9KaLyKrc+hBW0yg=="],

    "formatly": ["formatly@0.3.0", "", { "dependencies": { "fd-package-json": "^2.0.0" }, "bin": { "formatly": "bin/index.mjs" } }, "sha512-9XNj/o4wrRFyhSMJOvsuyMwy8aUfBaZ1VrqHVfohyXf0Sw0e+yfKG+xZaY3arGCOMdwFsqObtzVOc1gU9KiT9w=="],

    "glob-parent": ["glob-parent@5.1.2", "", { "dependencies": { "is-glob": "^4.0.1" } }, "sha512-AOIgSQCepiJYwP3ARnGx+5VnTu2HBYdzbGP45eLw1vr3zB3vZLeyed1sC9hnbcOc9/SrMyM5RPQrkGz4aS9Zow=="],

    "graphql": ["graphql@16.11.0", "", {}, "sha512-mS1lbMsxgQj6hge1XZ6p7GPhbrtFwUFYi3wRzXAC/FmYnyXMTvvI3td3rjmQ2u8ewXueaSvRPWaEcgVVOT9Jnw=="],

    "graphql-yoga": ["graphql-yoga@5.15.1", "", { "dependencies": { "@envelop/core": "^5.3.0", "@envelop/instrumentation": "^1.0.0", "@graphql-tools/executor": "^1.4.0", "@graphql-tools/schema": "^10.0.11", "@graphql-tools/utils": "^10.6.2", "@graphql-yoga/logger": "^2.0.1", "@graphql-yoga/subscription": "^5.0.5", "@whatwg-node/fetch": "^0.10.6", "@whatwg-node/promise-helpers": "^1.2.4", "@whatwg-node/server": "^0.10.5", "dset": "^3.1.4", "lru-cache": "^10.0.0", "tslib": "^2.8.1" }, "peerDependencies": { "graphql": "^15.2.0 || ^16.0.0" } }, "sha512-wCSnviFFGC4CF9lyeRNMW1p55xVWkMRLPu9iHYbBd8WCJEjduDTo3nh91sVktpbJdUQ6rxNBN6hhpTYMFZuMwg=="],

    "help-me": ["help-me@5.0.0", "", {}, "sha512-7xgomUX6ADmcYzFik0HzAxh/73YlKR9bmFzf51CZwR+b6YtzU2m0u49hQCqV6SvlqIqsaxovfwdvbnsw3b/zpg=="],

    "is-extglob": ["is-extglob@2.1.1", "", {}, "sha512-SbKbANkN603Vi4jEZv49LeVJMn4yGwsbzZworEoyEiutsN3nJYdbO36zfhGJ6QEDpOZIFkDtnq5JRxmvl3jsoQ=="],

    "is-glob": ["is-glob@4.0.3", "", { "dependencies": { "is-extglob": "^2.1.1" } }, "sha512-xelSayHH36ZgE7ZWhli7pW34hNbNl8Ojv5KVmkJD4hBdD3th8Tfk9vYasLM+mXWOZhFkgZfxhLSnrwRr4elSSg=="],

    "is-number": ["is-number@7.0.0", "", {}, "sha512-41Cifkg6e8TylSpdtTpeLVMqvSBEVzTttHvERD741+pnZ8ANv0004MRL43QKPDlK9cGvNp6NZWZUBlbGXYxxng=="],

    "jiti": ["jiti@2.6.1", "", { "bin": { "jiti": "lib/jiti-cli.mjs" } }, "sha512-ekilCSN1jwRvIbgeg/57YFh8qQDNbwDb9xT/qu2DAHbFFZUicIl4ygVaAvzveMhMVr3LnpSKTNnwt8PoOfmKhQ=="],

    "joycon": ["joycon@3.1.1", "", {}, "sha512-34wB/Y7MW7bzjKRjUKTa46I2Z7eV62Rkhva+KkopW7Qvv/OSWBqvkSY7vusOPrNuZcUG3tApvdVgNB8POj3SPw=="],

    "js-yaml": ["js-yaml@4.1.1", "", { "dependencies": { "argparse": "^2.0.1" }, "bin": { "js-yaml": "bin/js-yaml.js" } }, "sha512-qQKT4zQxXl8lLwBtHMWwaTcGfFOZviOJet3Oy/xmGk2gZH677CJM9EvtfdSkgWcATZhj/55JZ0rmy3myCT5lsA=="],

    "knip": ["knip@5.78.0", "", { "dependencies": { "@nodelib/fs.walk": "^1.2.3", "fast-glob": "^3.3.3", "formatly": "^0.3.0", "jiti": "^2.6.0", "js-yaml": "^4.1.1", "minimist": "^1.2.8", "oxc-resolver": "^11.15.0", "picocolors": "^1.1.1", "picomatch": "^4.0.1", "smol-toml": "^1.5.2", "strip-json-comments": "5.0.3", "zod": "^4.1.11" }, "peerDependencies": { "@types/node": ">=18", "typescript": ">=5.0.4 <7" }, "bin": { "knip": "bin/knip.js", "knip-bun": "bin/knip-bun.js" } }, "sha512-nB7i/fgiJl7WVxdv5lX4ZPfDt9/zrw/lOgZtyioy988xtFhKuFJCRdHWT1Zg9Avc0yaojvnmEuAXU8SeMblKww=="],

    "lru-cache": ["lru-cache@10.4.3", "", {}, "sha512-JNAzZcXrCt42VGLuYz0zfAzDfAvJWW6AfYlDBQyDV5DClI2m5sAmK+OIO7s59XfsRsWHp02jAJrRadPRGTt6SQ=="],

    "merge2": ["merge2@1.4.1", "", {}, "sha512-8q7VEgMJW4J8tcfVPy8g09NcQwZdbwFEqhe/WZkoIzjn/3TGDwtOCYtXGxA3O8tPzpczCCDgv+P2P5y00ZJOOg=="],

    "micromatch": ["micromatch@4.0.8", "", { "dependencies": { "braces": "^3.0.3", "picomatch": "^2.3.1" } }, "sha512-PXwfBhYu0hBCPw8Dn0E+WDYb7af3dSLVWKi3HGv84IdF4TyFoC0ysxFd0Goxw7nSv4T/PzEJQxsYsEiFCKo2BA=="],

    "minimist": ["minimist@1.2.8", "", {}, "sha512-2yyAR8qBkN3YuheJanUpWC5U3bb5osDywNB8RzDVlDwDHbocAJveqqj1u8+SVD7jkWT4yvsHCpWqqWqAxb0zCA=="],

    "on-exit-leak-free": ["on-exit-leak-free@2.1.2", "", {}, "sha512-0eJJY6hXLGf1udHwfNftBqH+g73EU4B504nZeKpz1sYRKafAghwxEJunB2O7rDZkL4PGfsMVnTXZ2EjibbqcsA=="],

    "once": ["once@1.4.0", "", { "dependencies": { "wrappy": "1" } }, "sha512-lNaJgI+2Q5URQBkccEKHTQOPaXdUxnZZElQTZY0MFUAuaEqe1E+Nyvgdz/aIyNi6Z9MzO5dv1H8n58/GELp3+w=="],

    "oxc-resolver": ["oxc-resolver@11.16.2", "", { "optionalDependencies": { "@oxc-resolver/binding-android-arm-eabi": "11.16.2", "@oxc-resolver/binding-android-arm64": "11.16.2", "@oxc-resolver/binding-darwin-arm64": "11.16.2", "@oxc-resolver/binding-darwin-x64": "11.16.2", "@oxc-resolver/binding-freebsd-x64": "11.16.2", "@oxc-resolver/binding-linux-arm-gnueabihf": "11.16.2", "@oxc-resolver/binding-linux-arm-musleabihf": "11.16.2", "@oxc-resolver/binding-linux-arm64-gnu": "11.16.2", "@oxc-resolver/binding-linux-arm64-musl": "11.16.2", "@oxc-resolver/binding-linux-ppc64-gnu": "11.16.2", "@oxc-resolver/binding-linux-riscv64-gnu": "11.16.2", "@oxc-resolver/binding-linux-riscv64-musl": "11.16.2", "@oxc-resolver/binding-linux-s390x-gnu": "11.16.2", "@oxc-resolver/binding-linux-x64-gnu": "11.16.2", "@oxc-resolver/binding-linux-x64-musl": "11.16.2", "@oxc-resolver/binding-openharmony-arm64": "11.16.2", "@oxc-resolver/binding-wasm32-wasi": "11.16.2", "@oxc-resolver/binding-win32-arm64-msvc": "11.16.2", "@oxc-resolver/binding-win32-ia32-msvc": "11.16.2", "@oxc-resolver/binding-win32-x64-msvc": "11.16.2" } }, "sha512-Uy76u47vwhhF7VAmVY61Srn+ouiOobf45MU9vGct9GD2ARy6hKoqEElyHDB0L+4JOM6VLuZ431KiLwyjI/A21g=="],

    "picocolors": ["picocolors@1.1.1", "", {}, "sha512-xceH2snhtb5M9liqDsmEw56le376mTZkEX/jEb/RxNFyegNul7eNslCXP9FDj/Lcu0X8KEyMceP2ntpaHrDEVA=="],

    "picomatch": ["picomatch@4.0.3", "", {}, "sha512-5gTmgEY/sqK6gFXLIsQNH19lWb4ebPDLA4SdLP7dsWkIXHWlG66oPuVvXSGFPppYZz8ZDZq0dYYrbHfBCVUb1Q=="],

    "pino": ["pino@9.9.0", "", { "dependencies": { "atomic-sleep": "^1.0.0", "fast-redact": "^3.1.1", "on-exit-leak-free": "^2.1.0", "pino-abstract-transport": "^2.0.0", "pino-std-serializers": "^7.0.0", "process-warning": "^5.0.0", "quick-format-unescaped": "^4.0.3", "real-require": "^0.2.0", "safe-stable-stringify": "^2.3.1", "sonic-boom": "^4.0.1", "thread-stream": "^3.0.0" }, "bin": { "pino": "bin.js" } }, "sha512-zxsRIQG9HzG+jEljmvmZupOMDUQ0Jpj0yAgE28jQvvrdYTlEaiGwelJpdndMl/MBuRr70heIj83QyqJUWaU8mQ=="],

    "pino-abstract-transport": ["pino-abstract-transport@2.0.0", "", { "dependencies": { "split2": "^4.0.0" } }, "sha512-F63x5tizV6WCh4R6RHyi2Ml+M70DNRXt/+HANowMflpgGFMAym/VKm6G7ZOQRjqN7XbGxK1Lg9t6ZrtzOaivMw=="],

    "pino-pretty": ["pino-pretty@13.1.1", "", { "dependencies": { "colorette": "^2.0.7", "dateformat": "^4.6.3", "fast-copy": "^3.0.2", "fast-safe-stringify": "^2.1.1", "help-me": "^5.0.0", "joycon": "^3.1.1", "minimist": "^1.2.6", "on-exit-leak-free": "^2.1.0", "pino-abstract-transport": "^2.0.0", "pump": "^3.0.0", "secure-json-parse": "^4.0.0", "sonic-boom": "^4.0.1", "strip-json-comments": "^5.0.2" }, "bin": { "pino-pretty": "bin.js" } }, "sha512-TNNEOg0eA0u+/WuqH0MH0Xui7uqVk9D74ESOpjtebSQYbNWJk/dIxCXIxFsNfeN53JmtWqYHP2OrIZjT/CBEnA=="],

    "pino-std-serializers": ["pino-std-serializers@7.0.0", "", {}, "sha512-e906FRY0+tV27iq4juKzSYPbUj2do2X2JX4EzSca1631EB2QJQUqGbDuERal7LCtOpxl6x3+nvo9NPZcmjkiFA=="],

    "process-warning": ["process-warning@5.0.0", "", {}, "sha512-a39t9ApHNx2L4+HBnQKqxxHNs1r7KF+Intd8Q/g1bUh6q0WIp9voPXJ/x0j+ZL45KF1pJd9+q2jLIRMfvEshkA=="],

    "pump": ["pump@3.0.3", "", { "dependencies": { "end-of-stream": "^1.1.0", "once": "^1.3.1" } }, "sha512-todwxLMY7/heScKmntwQG8CXVkWUOdYxIvY2s0VWAAMh/nd8SoYiRaKjlr7+iCs984f2P8zvrfWcDDYVb73NfA=="],

    "queue-microtask": ["queue-microtask@1.2.3", "", {}, "sha512-NuaNSa6flKT5JaSYQzJok04JzTL1CA6aGhv5rfLW3PgqA+M2ChpZQnAC8h8i4ZFkBS8X5RqkDBHA7r4hej3K9A=="],

    "quick-format-unescaped": ["quick-format-unescaped@4.0.4", "", {}, "sha512-tYC1Q1hgyRuHgloV/YXs2w15unPVh8qfu/qCTfhTYamaw7fyhumKa2yGpdSo87vY32rIclj+4fWYQXUMs9EHvg=="],

    "real-require": ["real-require@0.2.0", "", {}, "sha512-57frrGM/OCTLqLOAh0mhVA9VBMHd+9U7Zb2THMGdBUoZVOtGbJzjxsYGDJ3A9AYYCP4hn6y1TVbaOfzWtm5GFg=="],

    "reflect-metadata": ["reflect-metadata@0.2.2", "", {}, "sha512-urBwgfrvVP/eAyXx4hluJivBKzuEbSQs9rKWCrCkbSxNv8mxPcUZKeuoF3Uy4mJl3Lwprp6yy5/39VWigZ4K6Q=="],

    "reusify": ["reusify@1.1.0", "", {}, "sha512-g6QUff04oZpHs0eG5p83rFLhHeV00ug/Yf9nZM6fLeUrPguBTkTQOdpAWWspMh55TZfVQDPaN3NQJfbVRAxdIw=="],

    "run-parallel": ["run-parallel@1.2.0", "", { "dependencies": { "queue-microtask": "^1.2.2" } }, "sha512-5l4VyZR86LZ/lDxZTR6jqL8AFE2S0IFLMP26AbjsLVADxHdhB/c0GUsH+y39UfCi3dzz8OlQuPmnaJOMoDHQBA=="],

    "safe-stable-stringify": ["safe-stable-stringify@2.5.0", "", {}, "sha512-b3rppTKm9T+PsVCBEOUR46GWI7fdOs00VKZ1+9c1EWDaDMvjQc6tUwuFyIprgGgTcWoVHSKrU8H31ZHA2e0RHA=="],

    "secure-json-parse": ["secure-json-parse@4.0.0", "", {}, "sha512-dxtLJO6sc35jWidmLxo7ij+Eg48PM/kleBsxpC8QJE0qJICe+KawkDQmvCMZUr9u7WKVHgMW6vy3fQ7zMiFZMA=="],

    "smol-toml": ["smol-toml@1.6.0", "", {}, "sha512-4zemZi0HvTnYwLfrpk/CF9LOd9Lt87kAt50GnqhMpyF9U3poDAP2+iukq2bZsO/ufegbYehBkqINbsWxj4l4cw=="],

    "sonic-boom": ["sonic-boom@4.2.0", "", { "dependencies": { "atomic-sleep": "^1.0.0" } }, "sha512-INb7TM37/mAcsGmc9hyyI6+QR3rR1zVRu36B0NeGXKnOOLiZOfER5SA+N7X7k3yUYRzLWafduTDvJAfDswwEww=="],

    "split2": ["split2@4.2.0", "", {}, "sha512-UcjcJOWknrNkF6PLX83qcHM6KHgVKNkV62Y8a5uYDVv9ydGQVwAHMKqHdJje1VTWpljG0WYpCDhrCdAOYH4TWg=="],

    "strip-json-comments": ["strip-json-comments@5.0.3", "", {}, "sha512-1tB5mhVo7U+ETBKNf92xT4hrQa3pm0MZ0PQvuDnWgAAGHDsfp4lPSpiS6psrSiet87wyGPh9ft6wmhOMQ0hDiw=="],

    "thread-stream": ["thread-stream@3.1.0", "", { "dependencies": { "real-require": "^0.2.0" } }, "sha512-OqyPZ9u96VohAyMfJykzmivOrY2wfMSf3C5TtFJVgN+Hm6aj+voFhlK+kZEIv2FBh1X6Xp3DlnCOfEQ3B2J86A=="],

    "to-regex-range": ["to-regex-range@5.0.1", "", { "dependencies": { "is-number": "^7.0.0" } }, "sha512-65P7iz6X5yEr1cwcgvQxbbIw7Uk3gOy5dIdtZ4rDveLqhrdJP+Li/Hx6tyK0NEb+2GCyneCMJiGqrADCSNk8sQ=="],

    "tslib": ["tslib@2.8.1", "", {}, "sha512-oJFu94HQb+KVduSUQL7wnpmqnfmLsOA/nAh6b6EH0wCEoK0/mPeXU6c3wKDV83MkOuHPRHtSXKKU99IBazS/2w=="],

    "typescript": ["typescript@5.9.3", "", { "bin": { "tsc": "bin/tsc", "tsserver": "bin/tsserver" } }, "sha512-jl1vZzPDinLr9eUt3J/t7V6FgNEw9QjvBPdysz9KfQDD41fQrC2Y4vKQdiaUpFT4bXlb1RHhLpp8wtm6M5TgSw=="],

    "undici-types": ["undici-types@7.16.0", "", {}, "sha512-Zz+aZWSj8LE6zoxD+xrjh4VfkIG8Ya6LvYkZqtUQGJPZjYl53ypCaUwWqo7eI0x66KBGeRo+mlBEkMSeSZ38Nw=="],

    "urlpattern-polyfill": ["urlpattern-polyfill@10.1.0", "", {}, "sha512-IGjKp/o0NL3Bso1PymYURCJxMPNAf/ILOpendP9f5B6e1rTJgdgiOvgfoT8VxCAdY+Wisb9uhGaJJf3yZ2V9nw=="],

    "walk-up-path": ["walk-up-path@4.0.0", "", {}, "sha512-3hu+tD8YzSLGuFYtPRb48vdhKMi0KQV5sn+uWr8+7dMEq/2G/dtLrdDinkLjqq5TIbIBjYJ4Ax/n3YiaW7QM8A=="],

    "wrappy": ["wrappy@1.0.2", "", {}, "sha512-l4Sp/DRseor9wL6EvV2+TuQn63dMkPjZ/sp9XkghTEbV9KlPS1xUsZ3u7/IQO4wxtcFB4bgpQPRcR3QCvezPcQ=="],

    "zod": ["zod@4.1.5", "", {}, "sha512-rcUUZqlLJgBC33IT3PNMgsCq6TzLQEG/Ei/KTCU0PedSWRMAXoOUN+4t/0H+Q8bdnLPdqUYnvboJT0bn/229qg=="],

    "bun-types/@types/node": ["@types/node@24.3.0", "", { "dependencies": { "undici-types": "~7.10.0" } }, "sha512-aPTXCrfwnDLj4VvXrm+UUCQjNEvJgNA8s5F1cvwQU+3KNltTOkBm1j30uNLyqqPNe7gE3KFzImYoZEfLhp4Yow=="],

    "knip/zod": ["zod@4.3.4", "", {}, "sha512-Zw/uYiiyF6pUT1qmKbZziChgNPRu+ZRneAsMUDU6IwmXdWt5JwcUfy2bvLOCUtz5UniaN/Zx5aFttZYbYc7O/A=="],

    "micromatch/picomatch": ["picomatch@2.3.1", "", {}, "sha512-JU3teHTNjmE2VCGFzuY8EXzCDVwEqB2a8fsIvwaStHhAWJEeVd1o1QD80CU6+ZdEXXSLbSsuLwJjkCBWqRQUVA=="],

    "bun-types/@types/node/undici-types": ["undici-types@7.10.0", "", {}, "sha512-t5Fy/nfn+14LuOc2KNYg75vZqClpAiqscVvMygNnlsHBFpSXdJaYtXMcdNLpl/Qvc3P2cB3s6lOV51nqsFq4ag=="],
  }
}
